{
  "lockfileVersion": 1,
  "workspaces": {
    "": {
      "name": "vssh",
      "dependencies": {
        "ssh2": "^1.15.0",
        "zod": "^3.22.4",
      },
      "devDependencies": {
        "@types/bun": "^1.0.0",
        "@types/ssh2": "^1.11.0",
        "typescript": "^5.0.0",
      },
    },
  },
  "packages": {
    "@types/bun": ["@types/bun@1.2.15", "", { "dependencies": { "bun-types": "1.2.15" } }, "sha512-U1ljPdBEphF0nw1MIk0hI7kPg7dFdPyM7EenHsp6W5loNHl7zqy6JQf/RKCgnUn2KDzUpkBwHPnEJEjII594bA=="],

    "@types/node": ["@types/node@18.19.111", "", { "dependencies": { "undici-types": "~5.26.4" } }, "sha512-90sGdgA+QLJr1F9X79tQuEut0gEYIfkX9pydI4XGRgvFo9g2JWswefI+WUSUHPYVBHYSEfTEqBxA5hQvAZB3Mw=="],

    "@types/ssh2": ["@types/ssh2@1.15.5", "", { "dependencies": { "@types/node": "^18.11.18" } }, "sha512-N1ASjp/nXH3ovBHddRJpli4ozpk6UdDYIX4RJWFa9L1YKnzdhTlVmiGHm4DZnj/jLbqZpes4aeR30EFGQtvhQQ=="],

    "asn1": ["asn1@0.2.6", "", { "dependencies": { "safer-buffer": "~2.1.0" } }, "sha512-ix/FxPn0MDjeyJ7i/yoHGFt/EX6LyNbxSEhPPXODPL+KB0VPk86UYfL0lMdy+KCnv+fmvIzySwaK5COwqVbWTQ=="],

    "bcrypt-pbkdf": ["bcrypt-pbkdf@1.0.2", "", { "dependencies": { "tweetnacl": "^0.14.3" } }, "sha512-qeFIXtP4MSoi6NLqO12WfqARWWuCKi2Rn/9hJLEmtB5yTNr9DqFWkJRCf2qShWzPeAMRnOgCrq0sg/KLv5ES9w=="],

    "buildcheck": ["buildcheck@0.0.6", "", {}, "sha512-8f9ZJCUXyT1M35Jx7MkBgmBMo3oHTTBIPLiY9xyL0pl3T5RwcPEY8cUHr5LBNfu/fk6c2T4DJZuVM/8ZZT2D2A=="],

    "bun-types": ["bun-types@1.2.15", "", { "dependencies": { "@types/node": "*" } }, "sha512-NarRIaS+iOaQU1JPfyKhZm4AsUOrwUOqRNHY0XxI8GI8jYxiLXLcdjYMG9UKS+fwWasc1uw1htV9AX24dD+p4w=="],

    "cpu-features": ["cpu-features@0.0.10", "", { "dependencies": { "buildcheck": "~0.0.6", "nan": "^2.19.0" } }, "sha512-9IkYqtX3YHPCzoVg1Py+o9057a3i0fp7S530UWokCSaFVTc7CwXPRiOjRjBQQ18ZCNafx78YfnG+HALxtVmOGA=="],

    "nan": ["nan@2.22.2", "", {}, "sha512-DANghxFkS1plDdRsX0X9pm0Z6SJNN6gBdtXfanwoZ8hooC5gosGFSBGRYHUVPz1asKA/kMRqDRdHrluZ61SpBQ=="],

    "safer-buffer": ["safer-buffer@2.1.2", "", {}, "sha512-YZo3K82SD7Riyi0E1EQPojLz7kpepnSQI9IyPbHHg1XXXevb5dJI7tpyN2ADxGcQbHG7vcyRHk0cbwqcQriUtg=="],

    "ssh2": ["ssh2@1.16.0", "", { "dependencies": { "asn1": "^0.2.6", "bcrypt-pbkdf": "^1.0.2" }, "optionalDependencies": { "cpu-features": "~0.0.10", "nan": "^2.20.0" } }, "sha512-r1X4KsBGedJqo7h8F5c4Ybpcr5RjyP+aWIG007uBPRjmdQWfEiVLzSK71Zji1B9sKxwaCvD8y8cwSkYrlLiRRg=="],

    "tweetnacl": ["tweetnacl@0.14.5", "", {}, "sha512-KXXFFdAbFXY4geFIwoyNK+f5Z1b7swfXABfL7HXCmoIWMKU3dmS26672A4EeQtDzLKy7SXmfBu51JolvEKwtGA=="],

    "typescript": ["typescript@5.8.3", "", { "bin": { "tsc": "bin/tsc", "tsserver": "bin/tsserver" } }, "sha512-p1diW6TqL9L07nNxvRMM7hMMw4c5XOo/1ibL4aAIGmSAt9slTE1Xgw5KWuof2uTOvCg9BY7ZRi+GaF+7sfgPeQ=="],

    "undici-types": ["undici-types@5.26.5", "", {}, "sha512-JlCMO+ehdEIKqlFxk6IfVoAUVmgz7cU7zD/h9XZ0qzeosSHmUJVOzSQvvYSYWXkFXC+IfLKSIffhv0sVZup6pA=="],

    "zod": ["zod@3.25.56", "", {}, "sha512-rd6eEF3BTNvQnR2e2wwolfTmUTnp70aUTqr0oaGbHifzC3BKJsoV+Gat8vxUMR1hwOKBs6El+qWehrHbCpW6SQ=="],
  }
}
